
Microsoft Visual Studio Solution File, Format Version 12.00
# Visual Studio Version 17
VisualStudioVersion = 17.12.35514.174 d17.12
MinimumVisualStudioVersion = 10.0.40219.1
Project("{FAE04EC0-301F-11D3-BF4B-00C04F79EFBC}") = "PromptlyLLM", "PromptlyLLM\PromptlyLLM.csproj", "{590FDEBA-2E95-4241-BB4E-01D9AD4640B2}"
EndProject
Project("{FAE04EC0-301F-11D3-BF4B-00C04F79EFBC}") = "PromptlyConsole", "PromptlyConsole\PromptlyConsole.csproj", "{B174545F-142F-423A-A81E-7B6B069D26EC}"
EndProject
Global
	GlobalSection(SolutionConfigurationPlatforms) = preSolution
		Debug|Any CPU = Debug|Any CPU
		Release|Any CPU = Release|Any CPU
	EndGlobalSection
	GlobalSection(ProjectConfigurationPlatforms) = postSolution
		{590FDEBA-2E95-4241-BB4E-01D9AD4640B2}.Debug|Any CPU.ActiveCfg = Debug|Any CPU
		{590FDEBA-2E95-4241-BB4E-01D9AD4640B2}.Debug|Any CPU.Build.0 = Debug|Any CPU
		{590FDEBA-2E95-4241-BB4E-01D9AD4640B2}.Release|Any CPU.ActiveCfg = Release|Any CPU
		{590FDEBA-2E95-4241-BB4E-01D9AD4640B2}.Release|Any CPU.Build.0 = Release|Any CPU
		{B174545F-142F-423A-A81E-7B6B069D26EC}.Debug|Any CPU.ActiveCfg = Debug|Any CPU
		{B174545F-142F-423A-A81E-7B6B069D26EC}.Debug|Any CPU.Build.0 = Debug|Any CPU
		{B174545F-142F-423A-A81E-7B6B069D26EC}.Release|Any CPU.ActiveCfg = Release|Any CPU
		{B174545F-142F-423A-A81E-7B6B069D26EC}.Release|Any CPU.Build.0 = Release|Any CPU
	EndGlobalSection
	GlobalSection(SolutionProperties) = preSolution
		HideSolutionNode = FALSE
	EndGlobalSection
EndGlobal
